// !$*UTF8*$!
{
	archiveVersion = 1;
	classes = {
	};
	objectVersion = 56;
	objects = {

/* Begin PBXBuildFile section */
		15476FF628F340BF004DD891 /* CommentCell.swift in Sources */ = {isa = PBXBuildFile; fileRef = 15476FF528F340BF004DD891 /* CommentCell.swift */; };
		154E3A8328DFF8E50060D72D /* AppDelegate.swift in Sources */ = {isa = PBXBuildFile; fileRef = 154E3A8228DFF8E50060D72D /* AppDelegate.swift */; };
		154E3A8528DFF8E50060D72D /* SceneDelegate.swift in Sources */ = {isa = PBXBuildFile; fileRef = 154E3A8428DFF8E50060D72D /* SceneDelegate.swift */; };
		154E3A8A28DFF8E50060D72D /* Main.storyboard in Resources */ = {isa = PBXBuildFile; fileRef = 154E3A8828DFF8E50060D72D /* Main.storyboard */; };
		154E3A8C28DFF8E60060D72D /* Assets.xcassets in Resources */ = {isa = PBXBuildFile; fileRef = 154E3A8B28DFF8E60060D72D /* Assets.xcassets */; };
		154E3A8F28DFF8E60060D72D /* LaunchScreen.storyboard in Resources */ = {isa = PBXBuildFile; fileRef = 154E3A8D28DFF8E60060D72D /* LaunchScreen.storyboard */; };
		154E3A9A28DFF8E60060D72D /* ParstagramTests.swift in Sources */ = {isa = PBXBuildFile; fileRef = 154E3A9928DFF8E60060D72D /* ParstagramTests.swift */; };
		154E3AA428DFF8E60060D72D /* ParstagramUITests.swift in Sources */ = {isa = PBXBuildFile; fileRef = 154E3AA328DFF8E60060D72D /* ParstagramUITests.swift */; };
		154E3AA628DFF8E60060D72D /* ParstagramUITestsLaunchTests.swift in Sources */ = {isa = PBXBuildFile; fileRef = 154E3AA528DFF8E60060D72D /* ParstagramUITestsLaunchTests.swift */; };
		154E3AB328DFFD950060D72D /* LoginViewController.swift in Sources */ = {isa = PBXBuildFile; fileRef = 154E3AB228DFFD950060D72D /* LoginViewController.swift */; };
		154E3AB528DFFDB30060D72D /* FeedViewController.swift in Sources */ = {isa = PBXBuildFile; fileRef = 154E3AB428DFFDB30060D72D /* FeedViewController.swift */; };
		154E3AB728E0103F0060D72D /* CameraViewController.swift in Sources */ = {isa = PBXBuildFile; fileRef = 154E3AB628E0103F0060D72D /* CameraViewController.swift */; };
		15F653C628E0DE0900DB9047 /* PostCell.swift in Sources */ = {isa = PBXBuildFile; fileRef = 15F653C528E0DE0900DB9047 /* PostCell.swift */; };
		6B00FB07358B825B92F8D58A /* Pods_ParstagramTests.framework in Frameworks */ = {isa = PBXBuildFile; fileRef = 6276D09649EAE9CB8F1F502B /* Pods_ParstagramTests.framework */; };
		BB90B6AF9448CA9A53B52126 /* Pods_Parstagram.framework in Frameworks */ = {isa = PBXBuildFile; fileRef = A7887DC3AAD495AECC6FF06C /* Pods_Parstagram.framework */; };
		D87DE36E80D1C782079E67A1 /* Pods_Parstagram_ParstagramUITests.framework in Frameworks */ = {isa = PBXBuildFile; fileRef = A0A0A6C3F24FCB20AB6D664F /* Pods_Parstagram_ParstagramUITests.framework */; };
/* End PBXBuildFile section */

/* Begin PBXContainerItemProxy section */
		154E3A9628DFF8E60060D72D /* PBXContainerItemProxy */ = {
			isa = PBXContainerItemProxy;
			containerPortal = 154E3A7728DFF8E50060D72D /* Project object */;
			proxyType = 1;
			remoteGlobalIDString = 154E3A7E28DFF8E50060D72D;
			remoteInfo = Parstagram;
		};
		154E3AA028DFF8E60060D72D /* PBXContainerItemProxy */ = {
			isa = PBXContainerItemProxy;
			containerPortal = 154E3A7728DFF8E50060D72D /* Project object */;
			proxyType = 1;
			remoteGlobalIDString = 154E3A7E28DFF8E50060D72D;
			remoteInfo = Parstagram;
		};
/* End PBXContainerItemProxy section */

/* Begin PBXFileReference section */
		0603BDD00B95894FE9525219 /* Pods-Parstagram.release.xcconfig */ = {isa = PBXFileReference; includeInIndex = 1; lastKnownFileType = text.xcconfig; name = "Pods-Parstagram.release.xcconfig"; path = "Target Support Files/Pods-Parstagram/Pods-Parstagram.release.xcconfig"; sourceTree = "<group>"; };
		0DA317EEEC120B5930B3F25D /* Pods-ParstagramTests.debug.xcconfig */ = {isa = PBXFileReference; includeInIndex = 1; lastKnownFileType = text.xcconfig; name = "Pods-ParstagramTests.debug.xcconfig"; path = "Target Support Files/Pods-ParstagramTests/Pods-ParstagramTests.debug.xcconfig"; sourceTree = "<group>"; };
<<<<<<< HEAD
		15476FF528F340BF004DD891 /* CommentCell.swift */ = {isa = PBXFileReference; lastKnownFileType = sourcecode.swift; path = CommentCell.swift; sourceTree = "<group>"; };
=======
>>>>>>> main
		154E3A7F28DFF8E50060D72D /* Parstagram.app */ = {isa = PBXFileReference; explicitFileType = wrapper.application; includeInIndex = 0; path = Parstagram.app; sourceTree = BUILT_PRODUCTS_DIR; };
		154E3A8228DFF8E50060D72D /* AppDelegate.swift */ = {isa = PBXFileReference; lastKnownFileType = sourcecode.swift; path = AppDelegate.swift; sourceTree = "<group>"; };
		154E3A8428DFF8E50060D72D /* SceneDelegate.swift */ = {isa = PBXFileReference; lastKnownFileType = sourcecode.swift; path = SceneDelegate.swift; sourceTree = "<group>"; };
		154E3A8928DFF8E50060D72D /* Base */ = {isa = PBXFileReference; lastKnownFileType = file.storyboard; name = Base; path = Base.lproj/Main.storyboard; sourceTree = "<group>"; };
		154E3A8B28DFF8E60060D72D /* Assets.xcassets */ = {isa = PBXFileReference; lastKnownFileType = folder.assetcatalog; path = Assets.xcassets; sourceTree = "<group>"; };
		154E3A8E28DFF8E60060D72D /* Base */ = {isa = PBXFileReference; lastKnownFileType = file.storyboard; name = Base; path = Base.lproj/LaunchScreen.storyboard; sourceTree = "<group>"; };
		154E3A9028DFF8E60060D72D /* Info.plist */ = {isa = PBXFileReference; lastKnownFileType = text.plist.xml; path = Info.plist; sourceTree = "<group>"; };
		154E3A9528DFF8E60060D72D /* ParstagramTests.xctest */ = {isa = PBXFileReference; explicitFileType = wrapper.cfbundle; includeInIndex = 0; path = ParstagramTests.xctest; sourceTree = BUILT_PRODUCTS_DIR; };
		154E3A9928DFF8E60060D72D /* ParstagramTests.swift */ = {isa = PBXFileReference; lastKnownFileType = sourcecode.swift; path = ParstagramTests.swift; sourceTree = "<group>"; };
		154E3A9F28DFF8E60060D72D /* ParstagramUITests.xctest */ = {isa = PBXFileReference; explicitFileType = wrapper.cfbundle; includeInIndex = 0; path = ParstagramUITests.xctest; sourceTree = BUILT_PRODUCTS_DIR; };
		154E3AA328DFF8E60060D72D /* ParstagramUITests.swift */ = {isa = PBXFileReference; lastKnownFileType = sourcecode.swift; path = ParstagramUITests.swift; sourceTree = "<group>"; };
		154E3AA528DFF8E60060D72D /* ParstagramUITestsLaunchTests.swift */ = {isa = PBXFileReference; lastKnownFileType = sourcecode.swift; path = ParstagramUITestsLaunchTests.swift; sourceTree = "<group>"; };
		154E3AB228DFFD950060D72D /* LoginViewController.swift */ = {isa = PBXFileReference; lastKnownFileType = sourcecode.swift; path = LoginViewController.swift; sourceTree = "<group>"; };
		154E3AB428DFFDB30060D72D /* FeedViewController.swift */ = {isa = PBXFileReference; lastKnownFileType = sourcecode.swift; path = FeedViewController.swift; sourceTree = "<group>"; };
		154E3AB628E0103F0060D72D /* CameraViewController.swift */ = {isa = PBXFileReference; lastKnownFileType = sourcecode.swift; path = CameraViewController.swift; sourceTree = "<group>"; };
		15F653C528E0DE0900DB9047 /* PostCell.swift */ = {isa = PBXFileReference; lastKnownFileType = sourcecode.swift; path = PostCell.swift; sourceTree = "<group>"; };
		250EBD2CA8BB17A240F2AC83 /* Pods-Parstagram-ParstagramUITests.release.xcconfig */ = {isa = PBXFileReference; includeInIndex = 1; lastKnownFileType = text.xcconfig; name = "Pods-Parstagram-ParstagramUITests.release.xcconfig"; path = "Target Support Files/Pods-Parstagram-ParstagramUITests/Pods-Parstagram-ParstagramUITests.release.xcconfig"; sourceTree = "<group>"; };
		2532628B27048D35F8BF60D6 /* Pods-Parstagram-ParstagramUITests.debug.xcconfig */ = {isa = PBXFileReference; includeInIndex = 1; lastKnownFileType = text.xcconfig; name = "Pods-Parstagram-ParstagramUITests.debug.xcconfig"; path = "Target Support Files/Pods-Parstagram-ParstagramUITests/Pods-Parstagram-ParstagramUITests.debug.xcconfig"; sourceTree = "<group>"; };
		6276D09649EAE9CB8F1F502B /* Pods_ParstagramTests.framework */ = {isa = PBXFileReference; explicitFileType = wrapper.framework; includeInIndex = 0; path = Pods_ParstagramTests.framework; sourceTree = BUILT_PRODUCTS_DIR; };
		A0A0A6C3F24FCB20AB6D664F /* Pods_Parstagram_ParstagramUITests.framework */ = {isa = PBXFileReference; explicitFileType = wrapper.framework; includeInIndex = 0; path = Pods_Parstagram_ParstagramUITests.framework; sourceTree = BUILT_PRODUCTS_DIR; };
		A7887DC3AAD495AECC6FF06C /* Pods_Parstagram.framework */ = {isa = PBXFileReference; explicitFileType = wrapper.framework; includeInIndex = 0; path = Pods_Parstagram.framework; sourceTree = BUILT_PRODUCTS_DIR; };
		B758BAE73B192F76AAA76DBB /* Pods-ParstagramTests.release.xcconfig */ = {isa = PBXFileReference; includeInIndex = 1; lastKnownFileType = text.xcconfig; name = "Pods-ParstagramTests.release.xcconfig"; path = "Target Support Files/Pods-ParstagramTests/Pods-ParstagramTests.release.xcconfig"; sourceTree = "<group>"; };
		DEDF4480CA3E7D14F7383248 /* Pods-Parstagram.debug.xcconfig */ = {isa = PBXFileReference; includeInIndex = 1; lastKnownFileType = text.xcconfig; name = "Pods-Parstagram.debug.xcconfig"; path = "Target Support Files/Pods-Parstagram/Pods-Parstagram.debug.xcconfig"; sourceTree = "<group>"; };
/* End PBXFileReference section */

/* Begin PBXFrameworksBuildPhase section */
		154E3A7C28DFF8E50060D72D /* Frameworks */ = {
			isa = PBXFrameworksBuildPhase;
			buildActionMask = 2147483647;
			files = (
				BB90B6AF9448CA9A53B52126 /* Pods_Parstagram.framework in Frameworks */,
			);
			runOnlyForDeploymentPostprocessing = 0;
		};
		154E3A9228DFF8E60060D72D /* Frameworks */ = {
			isa = PBXFrameworksBuildPhase;
			buildActionMask = 2147483647;
			files = (
				6B00FB07358B825B92F8D58A /* Pods_ParstagramTests.framework in Frameworks */,
			);
			runOnlyForDeploymentPostprocessing = 0;
		};
		154E3A9C28DFF8E60060D72D /* Frameworks */ = {
			isa = PBXFrameworksBuildPhase;
			buildActionMask = 2147483647;
			files = (
				D87DE36E80D1C782079E67A1 /* Pods_Parstagram_ParstagramUITests.framework in Frameworks */,
			);
			runOnlyForDeploymentPostprocessing = 0;
		};
/* End PBXFrameworksBuildPhase section */

/* Begin PBXGroup section */
		154E3A7628DFF8E50060D72D = {
			isa = PBXGroup;
			children = (
				154E3A8128DFF8E50060D72D /* Parstagram */,
				154E3A9828DFF8E60060D72D /* ParstagramTests */,
				154E3AA228DFF8E60060D72D /* ParstagramUITests */,
				154E3A8028DFF8E50060D72D /* Products */,
				C2669D7CF9985DED2EBD8290 /* Pods */,
				D23003715B7391D5D09E2D2F /* Frameworks */,
			);
			sourceTree = "<group>";
		};
		154E3A8028DFF8E50060D72D /* Products */ = {
			isa = PBXGroup;
			children = (
				154E3A7F28DFF8E50060D72D /* Parstagram.app */,
				154E3A9528DFF8E60060D72D /* ParstagramTests.xctest */,
				154E3A9F28DFF8E60060D72D /* ParstagramUITests.xctest */,
			);
			name = Products;
			sourceTree = "<group>";
		};
		154E3A8128DFF8E50060D72D /* Parstagram */ = {
			isa = PBXGroup;
			children = (
				154E3A8228DFF8E50060D72D /* AppDelegate.swift */,
				154E3A8428DFF8E50060D72D /* SceneDelegate.swift */,
				154E3A8828DFF8E50060D72D /* Main.storyboard */,
				154E3A8B28DFF8E60060D72D /* Assets.xcassets */,
				154E3A8D28DFF8E60060D72D /* LaunchScreen.storyboard */,
				154E3A9028DFF8E60060D72D /* Info.plist */,
				154E3AB228DFFD950060D72D /* LoginViewController.swift */,
				154E3AB428DFFDB30060D72D /* FeedViewController.swift */,
				154E3AB628E0103F0060D72D /* CameraViewController.swift */,
				15F653C528E0DE0900DB9047 /* PostCell.swift */,
<<<<<<< HEAD
				15476FF528F340BF004DD891 /* CommentCell.swift */,
=======
>>>>>>> main
			);
			path = Parstagram;
			sourceTree = "<group>";
		};
		154E3A9828DFF8E60060D72D /* ParstagramTests */ = {
			isa = PBXGroup;
			children = (
				154E3A9928DFF8E60060D72D /* ParstagramTests.swift */,
			);
			path = ParstagramTests;
			sourceTree = "<group>";
		};
		154E3AA228DFF8E60060D72D /* ParstagramUITests */ = {
			isa = PBXGroup;
			children = (
				154E3AA328DFF8E60060D72D /* ParstagramUITests.swift */,
				154E3AA528DFF8E60060D72D /* ParstagramUITestsLaunchTests.swift */,
			);
			path = ParstagramUITests;
			sourceTree = "<group>";
		};
		C2669D7CF9985DED2EBD8290 /* Pods */ = {
			isa = PBXGroup;
			children = (
				DEDF4480CA3E7D14F7383248 /* Pods-Parstagram.debug.xcconfig */,
				0603BDD00B95894FE9525219 /* Pods-Parstagram.release.xcconfig */,
				2532628B27048D35F8BF60D6 /* Pods-Parstagram-ParstagramUITests.debug.xcconfig */,
				250EBD2CA8BB17A240F2AC83 /* Pods-Parstagram-ParstagramUITests.release.xcconfig */,
				0DA317EEEC120B5930B3F25D /* Pods-ParstagramTests.debug.xcconfig */,
				B758BAE73B192F76AAA76DBB /* Pods-ParstagramTests.release.xcconfig */,
			);
			path = Pods;
			sourceTree = "<group>";
		};
		D23003715B7391D5D09E2D2F /* Frameworks */ = {
			isa = PBXGroup;
			children = (
				A7887DC3AAD495AECC6FF06C /* Pods_Parstagram.framework */,
				A0A0A6C3F24FCB20AB6D664F /* Pods_Parstagram_ParstagramUITests.framework */,
				6276D09649EAE9CB8F1F502B /* Pods_ParstagramTests.framework */,
			);
			name = Frameworks;
			sourceTree = "<group>";
		};
/* End PBXGroup section */

/* Begin PBXNativeTarget section */
		154E3A7E28DFF8E50060D72D /* Parstagram */ = {
			isa = PBXNativeTarget;
			buildConfigurationList = 154E3AA928DFF8E60060D72D /* Build configuration list for PBXNativeTarget "Parstagram" */;
			buildPhases = (
				F8D6252B51CB067E9AD3FA44 /* [CP] Check Pods Manifest.lock */,
				154E3A7B28DFF8E50060D72D /* Sources */,
				154E3A7C28DFF8E50060D72D /* Frameworks */,
				154E3A7D28DFF8E50060D72D /* Resources */,
				E7B07F6ED71E3392C96393B1 /* [CP] Embed Pods Frameworks */,
			);
			buildRules = (
			);
			dependencies = (
			);
			name = Parstagram;
			productName = Parstagram;
			productReference = 154E3A7F28DFF8E50060D72D /* Parstagram.app */;
			productType = "com.apple.product-type.application";
		};
		154E3A9428DFF8E60060D72D /* ParstagramTests */ = {
			isa = PBXNativeTarget;
			buildConfigurationList = 154E3AAC28DFF8E60060D72D /* Build configuration list for PBXNativeTarget "ParstagramTests" */;
			buildPhases = (
				CE99DEF74421BBDCD357C6FF /* [CP] Check Pods Manifest.lock */,
				154E3A9128DFF8E60060D72D /* Sources */,
				154E3A9228DFF8E60060D72D /* Frameworks */,
				154E3A9328DFF8E60060D72D /* Resources */,
			);
			buildRules = (
			);
			dependencies = (
				154E3A9728DFF8E60060D72D /* PBXTargetDependency */,
			);
			name = ParstagramTests;
			productName = ParstagramTests;
			productReference = 154E3A9528DFF8E60060D72D /* ParstagramTests.xctest */;
			productType = "com.apple.product-type.bundle.unit-test";
		};
		154E3A9E28DFF8E60060D72D /* ParstagramUITests */ = {
			isa = PBXNativeTarget;
			buildConfigurationList = 154E3AAF28DFF8E60060D72D /* Build configuration list for PBXNativeTarget "ParstagramUITests" */;
			buildPhases = (
				6C5FD96B10BD04F3230B8216 /* [CP] Check Pods Manifest.lock */,
				154E3A9B28DFF8E60060D72D /* Sources */,
				154E3A9C28DFF8E60060D72D /* Frameworks */,
				154E3A9D28DFF8E60060D72D /* Resources */,
				7B30295AA5016BB790642D89 /* [CP] Embed Pods Frameworks */,
			);
			buildRules = (
			);
			dependencies = (
				154E3AA128DFF8E60060D72D /* PBXTargetDependency */,
			);
			name = ParstagramUITests;
			productName = ParstagramUITests;
			productReference = 154E3A9F28DFF8E60060D72D /* ParstagramUITests.xctest */;
			productType = "com.apple.product-type.bundle.ui-testing";
		};
/* End PBXNativeTarget section */

/* Begin PBXProject section */
		154E3A7728DFF8E50060D72D /* Project object */ = {
			isa = PBXProject;
			attributes = {
				BuildIndependentTargetsInParallel = 1;
				LastSwiftUpdateCheck = 1400;
				LastUpgradeCheck = 1400;
				TargetAttributes = {
					154E3A7E28DFF8E50060D72D = {
						CreatedOnToolsVersion = 14.0;
					};
					154E3A9428DFF8E60060D72D = {
						CreatedOnToolsVersion = 14.0;
						TestTargetID = 154E3A7E28DFF8E50060D72D;
					};
					154E3A9E28DFF8E60060D72D = {
						CreatedOnToolsVersion = 14.0;
						TestTargetID = 154E3A7E28DFF8E50060D72D;
					};
				};
			};
			buildConfigurationList = 154E3A7A28DFF8E50060D72D /* Build configuration list for PBXProject "Parstagram" */;
			compatibilityVersion = "Xcode 14.0";
			developmentRegion = en;
			hasScannedForEncodings = 0;
			knownRegions = (
				en,
				Base,
			);
			mainGroup = 154E3A7628DFF8E50060D72D;
			productRefGroup = 154E3A8028DFF8E50060D72D /* Products */;
			projectDirPath = "";
			projectRoot = "";
			targets = (
				154E3A7E28DFF8E50060D72D /* Parstagram */,
				154E3A9428DFF8E60060D72D /* ParstagramTests */,
				154E3A9E28DFF8E60060D72D /* ParstagramUITests */,
			);
		};
/* End PBXProject section */

/* Begin PBXResourcesBuildPhase section */
		154E3A7D28DFF8E50060D72D /* Resources */ = {
			isa = PBXResourcesBuildPhase;
			buildActionMask = 2147483647;
			files = (
				154E3A8F28DFF8E60060D72D /* LaunchScreen.storyboard in Resources */,
				154E3A8C28DFF8E60060D72D /* Assets.xcassets in Resources */,
				154E3A8A28DFF8E50060D72D /* Main.storyboard in Resources */,
			);
			runOnlyForDeploymentPostprocessing = 0;
		};
		154E3A9328DFF8E60060D72D /* Resources */ = {
			isa = PBXResourcesBuildPhase;
			buildActionMask = 2147483647;
			files = (
			);
			runOnlyForDeploymentPostprocessing = 0;
		};
		154E3A9D28DFF8E60060D72D /* Resources */ = {
			isa = PBXResourcesBuildPhase;
			buildActionMask = 2147483647;
			files = (
			);
			runOnlyForDeploymentPostprocessing = 0;
		};
/* End PBXResourcesBuildPhase section */

/* Begin PBXShellScriptBuildPhase section */
		6C5FD96B10BD04F3230B8216 /* [CP] Check Pods Manifest.lock */ = {
			isa = PBXShellScriptBuildPhase;
			buildActionMask = 2147483647;
			files = (
			);
			inputFileListPaths = (
			);
			inputPaths = (
				"${PODS_PODFILE_DIR_PATH}/Podfile.lock",
				"${PODS_ROOT}/Manifest.lock",
			);
			name = "[CP] Check Pods Manifest.lock";
			outputFileListPaths = (
			);
			outputPaths = (
				"$(DERIVED_FILE_DIR)/Pods-Parstagram-ParstagramUITests-checkManifestLockResult.txt",
			);
			runOnlyForDeploymentPostprocessing = 0;
			shellPath = /bin/sh;
			shellScript = "diff \"${PODS_PODFILE_DIR_PATH}/Podfile.lock\" \"${PODS_ROOT}/Manifest.lock\" > /dev/null\nif [ $? != 0 ] ; then\n    # print error to STDERR\n    echo \"error: The sandbox is not in sync with the Podfile.lock. Run 'pod install' or update your CocoaPods installation.\" >&2\n    exit 1\nfi\n# This output is used by Xcode 'outputs' to avoid re-running this script phase.\necho \"SUCCESS\" > \"${SCRIPT_OUTPUT_FILE_0}\"\n";
			showEnvVarsInLog = 0;
		};
		7B30295AA5016BB790642D89 /* [CP] Embed Pods Frameworks */ = {
			isa = PBXShellScriptBuildPhase;
			buildActionMask = 2147483647;
			files = (
			);
			inputFileListPaths = (
				"${PODS_ROOT}/Target Support Files/Pods-Parstagram-ParstagramUITests/Pods-Parstagram-ParstagramUITests-frameworks-${CONFIGURATION}-input-files.xcfilelist",
			);
			name = "[CP] Embed Pods Frameworks";
			outputFileListPaths = (
				"${PODS_ROOT}/Target Support Files/Pods-Parstagram-ParstagramUITests/Pods-Parstagram-ParstagramUITests-frameworks-${CONFIGURATION}-output-files.xcfilelist",
			);
			runOnlyForDeploymentPostprocessing = 0;
			shellPath = /bin/sh;
			shellScript = "\"${PODS_ROOT}/Target Support Files/Pods-Parstagram-ParstagramUITests/Pods-Parstagram-ParstagramUITests-frameworks.sh\"\n";
			showEnvVarsInLog = 0;
		};
		CE99DEF74421BBDCD357C6FF /* [CP] Check Pods Manifest.lock */ = {
			isa = PBXShellScriptBuildPhase;
			buildActionMask = 2147483647;
			files = (
			);
			inputFileListPaths = (
			);
			inputPaths = (
				"${PODS_PODFILE_DIR_PATH}/Podfile.lock",
				"${PODS_ROOT}/Manifest.lock",
			);
			name = "[CP] Check Pods Manifest.lock";
			outputFileListPaths = (
			);
			outputPaths = (
				"$(DERIVED_FILE_DIR)/Pods-ParstagramTests-checkManifestLockResult.txt",
			);
			runOnlyForDeploymentPostprocessing = 0;
			shellPath = /bin/sh;
			shellScript = "diff \"${PODS_PODFILE_DIR_PATH}/Podfile.lock\" \"${PODS_ROOT}/Manifest.lock\" > /dev/null\nif [ $? != 0 ] ; then\n    # print error to STDERR\n    echo \"error: The sandbox is not in sync with the Podfile.lock. Run 'pod install' or update your CocoaPods installation.\" >&2\n    exit 1\nfi\n# This output is used by Xcode 'outputs' to avoid re-running this script phase.\necho \"SUCCESS\" > \"${SCRIPT_OUTPUT_FILE_0}\"\n";
			showEnvVarsInLog = 0;
		};
		E7B07F6ED71E3392C96393B1 /* [CP] Embed Pods Frameworks */ = {
			isa = PBXShellScriptBuildPhase;
			buildActionMask = 2147483647;
			files = (
			);
			inputFileListPaths = (
				"${PODS_ROOT}/Target Support Files/Pods-Parstagram/Pods-Parstagram-frameworks-${CONFIGURATION}-input-files.xcfilelist",
			);
			name = "[CP] Embed Pods Frameworks";
			outputFileListPaths = (
				"${PODS_ROOT}/Target Support Files/Pods-Parstagram/Pods-Parstagram-frameworks-${CONFIGURATION}-output-files.xcfilelist",
			);
			runOnlyForDeploymentPostprocessing = 0;
			shellPath = /bin/sh;
			shellScript = "\"${PODS_ROOT}/Target Support Files/Pods-Parstagram/Pods-Parstagram-frameworks.sh\"\n";
			showEnvVarsInLog = 0;
		};
		F8D6252B51CB067E9AD3FA44 /* [CP] Check Pods Manifest.lock */ = {
			isa = PBXShellScriptBuildPhase;
			buildActionMask = 2147483647;
			files = (
			);
			inputFileListPaths = (
			);
			inputPaths = (
				"${PODS_PODFILE_DIR_PATH}/Podfile.lock",
				"${PODS_ROOT}/Manifest.lock",
			);
			name = "[CP] Check Pods Manifest.lock";
			outputFileListPaths = (
			);
			outputPaths = (
				"$(DERIVED_FILE_DIR)/Pods-Parstagram-checkManifestLockResult.txt",
			);
			runOnlyForDeploymentPostprocessing = 0;
			shellPath = /bin/sh;
			shellScript = "diff \"${PODS_PODFILE_DIR_PATH}/Podfile.lock\" \"${PODS_ROOT}/Manifest.lock\" > /dev/null\nif [ $? != 0 ] ; then\n    # print error to STDERR\n    echo \"error: The sandbox is not in sync with the Podfile.lock. Run 'pod install' or update your CocoaPods installation.\" >&2\n    exit 1\nfi\n# This output is used by Xcode 'outputs' to avoid re-running this script phase.\necho \"SUCCESS\" > \"${SCRIPT_OUTPUT_FILE_0}\"\n";
			showEnvVarsInLog = 0;
		};
/* End PBXShellScriptBuildPhase section */

/* Begin PBXSourcesBuildPhase section */
		154E3A7B28DFF8E50060D72D /* Sources */ = {
			isa = PBXSourcesBuildPhase;
			buildActionMask = 2147483647;
			files = (
				154E3AB328DFFD950060D72D /* LoginViewController.swift in Sources */,
				154E3AB728E0103F0060D72D /* CameraViewController.swift in Sources */,
				154E3A8328DFF8E50060D72D /* AppDelegate.swift in Sources */,
				154E3AB528DFFDB30060D72D /* FeedViewController.swift in Sources */,
				154E3A8528DFF8E50060D72D /* SceneDelegate.swift in Sources */,
				15F653C628E0DE0900DB9047 /* PostCell.swift in Sources */,
<<<<<<< HEAD
				15476FF628F340BF004DD891 /* CommentCell.swift in Sources */,
=======
>>>>>>> main
			);
			runOnlyForDeploymentPostprocessing = 0;
		};
		154E3A9128DFF8E60060D72D /* Sources */ = {
			isa = PBXSourcesBuildPhase;
			buildActionMask = 2147483647;
			files = (
				154E3A9A28DFF8E60060D72D /* ParstagramTests.swift in Sources */,
			);
			runOnlyForDeploymentPostprocessing = 0;
		};
		154E3A9B28DFF8E60060D72D /* Sources */ = {
			isa = PBXSourcesBuildPhase;
			buildActionMask = 2147483647;
			files = (
				154E3AA628DFF8E60060D72D /* ParstagramUITestsLaunchTests.swift in Sources */,
				154E3AA428DFF8E60060D72D /* ParstagramUITests.swift in Sources */,
			);
			runOnlyForDeploymentPostprocessing = 0;
		};
/* End PBXSourcesBuildPhase section */

/* Begin PBXTargetDependency section */
		154E3A9728DFF8E60060D72D /* PBXTargetDependency */ = {
			isa = PBXTargetDependency;
			target = 154E3A7E28DFF8E50060D72D /* Parstagram */;
			targetProxy = 154E3A9628DFF8E60060D72D /* PBXContainerItemProxy */;
		};
		154E3AA128DFF8E60060D72D /* PBXTargetDependency */ = {
			isa = PBXTargetDependency;
			target = 154E3A7E28DFF8E50060D72D /* Parstagram */;
			targetProxy = 154E3AA028DFF8E60060D72D /* PBXContainerItemProxy */;
		};
/* End PBXTargetDependency section */

/* Begin PBXVariantGroup section */
		154E3A8828DFF8E50060D72D /* Main.storyboard */ = {
			isa = PBXVariantGroup;
			children = (
				154E3A8928DFF8E50060D72D /* Base */,
			);
			name = Main.storyboard;
			sourceTree = "<group>";
		};
		154E3A8D28DFF8E60060D72D /* LaunchScreen.storyboard */ = {
			isa = PBXVariantGroup;
			children = (
				154E3A8E28DFF8E60060D72D /* Base */,
			);
			name = LaunchScreen.storyboard;
			sourceTree = "<group>";
		};
/* End PBXVariantGroup section */

/* Begin XCBuildConfiguration section */
		154E3AA728DFF8E60060D72D /* Debug */ = {
			isa = XCBuildConfiguration;
			buildSettings = {
				ALWAYS_SEARCH_USER_PATHS = NO;
				CLANG_ANALYZER_NONNULL = YES;
				CLANG_ANALYZER_NUMBER_OBJECT_CONVERSION = YES_AGGRESSIVE;
				CLANG_CXX_LANGUAGE_STANDARD = "gnu++20";
				CLANG_ENABLE_MODULES = YES;
				CLANG_ENABLE_OBJC_ARC = YES;
				CLANG_ENABLE_OBJC_WEAK = YES;
				CLANG_WARN_BLOCK_CAPTURE_AUTORELEASING = YES;
				CLANG_WARN_BOOL_CONVERSION = YES;
				CLANG_WARN_COMMA = YES;
				CLANG_WARN_CONSTANT_CONVERSION = YES;
				CLANG_WARN_DEPRECATED_OBJC_IMPLEMENTATIONS = YES;
				CLANG_WARN_DIRECT_OBJC_ISA_USAGE = YES_ERROR;
				CLANG_WARN_DOCUMENTATION_COMMENTS = YES;
				CLANG_WARN_EMPTY_BODY = YES;
				CLANG_WARN_ENUM_CONVERSION = YES;
				CLANG_WARN_INFINITE_RECURSION = YES;
				CLANG_WARN_INT_CONVERSION = YES;
				CLANG_WARN_NON_LITERAL_NULL_CONVERSION = YES;
				CLANG_WARN_OBJC_IMPLICIT_RETAIN_SELF = YES;
				CLANG_WARN_OBJC_LITERAL_CONVERSION = YES;
				CLANG_WARN_OBJC_ROOT_CLASS = YES_ERROR;
				CLANG_WARN_QUOTED_INCLUDE_IN_FRAMEWORK_HEADER = YES;
				CLANG_WARN_RANGE_LOOP_ANALYSIS = YES;
				CLANG_WARN_STRICT_PROTOTYPES = YES;
				CLANG_WARN_SUSPICIOUS_MOVE = YES;
				CLANG_WARN_UNGUARDED_AVAILABILITY = YES_AGGRESSIVE;
				CLANG_WARN_UNREACHABLE_CODE = YES;
				CLANG_WARN__DUPLICATE_METHOD_MATCH = YES;
				COPY_PHASE_STRIP = NO;
				DEBUG_INFORMATION_FORMAT = dwarf;
				ENABLE_STRICT_OBJC_MSGSEND = YES;
				ENABLE_TESTABILITY = YES;
				GCC_C_LANGUAGE_STANDARD = gnu11;
				GCC_DYNAMIC_NO_PIC = NO;
				GCC_NO_COMMON_BLOCKS = YES;
				GCC_OPTIMIZATION_LEVEL = 0;
				GCC_PREPROCESSOR_DEFINITIONS = (
					"DEBUG=1",
					"$(inherited)",
				);
				GCC_WARN_64_TO_32_BIT_CONVERSION = YES;
				GCC_WARN_ABOUT_RETURN_TYPE = YES_ERROR;
				GCC_WARN_UNDECLARED_SELECTOR = YES;
				GCC_WARN_UNINITIALIZED_AUTOS = YES_AGGRESSIVE;
				GCC_WARN_UNUSED_FUNCTION = YES;
				GCC_WARN_UNUSED_VARIABLE = YES;
				IPHONEOS_DEPLOYMENT_TARGET = 16.0;
				MTL_ENABLE_DEBUG_INFO = INCLUDE_SOURCE;
				MTL_FAST_MATH = YES;
				ONLY_ACTIVE_ARCH = YES;
				SDKROOT = iphoneos;
				SWIFT_ACTIVE_COMPILATION_CONDITIONS = DEBUG;
				SWIFT_OPTIMIZATION_LEVEL = "-Onone";
			};
			name = Debug;
		};
		154E3AA828DFF8E60060D72D /* Release */ = {
			isa = XCBuildConfiguration;
			buildSettings = {
				ALWAYS_SEARCH_USER_PATHS = NO;
				CLANG_ANALYZER_NONNULL = YES;
				CLANG_ANALYZER_NUMBER_OBJECT_CONVERSION = YES_AGGRESSIVE;
				CLANG_CXX_LANGUAGE_STANDARD = "gnu++20";
				CLANG_ENABLE_MODULES = YES;
				CLANG_ENABLE_OBJC_ARC = YES;
				CLANG_ENABLE_OBJC_WEAK = YES;
				CLANG_WARN_BLOCK_CAPTURE_AUTORELEASING = YES;
				CLANG_WARN_BOOL_CONVERSION = YES;
				CLANG_WARN_COMMA = YES;
				CLANG_WARN_CONSTANT_CONVERSION = YES;
				CLANG_WARN_DEPRECATED_OBJC_IMPLEMENTATIONS = YES;
				CLANG_WARN_DIRECT_OBJC_ISA_USAGE = YES_ERROR;
				CLANG_WARN_DOCUMENTATION_COMMENTS = YES;
				CLANG_WARN_EMPTY_BODY = YES;
				CLANG_WARN_ENUM_CONVERSION = YES;
				CLANG_WARN_INFINITE_RECURSION = YES;
				CLANG_WARN_INT_CONVERSION = YES;
				CLANG_WARN_NON_LITERAL_NULL_CONVERSION = YES;
				CLANG_WARN_OBJC_IMPLICIT_RETAIN_SELF = YES;
				CLANG_WARN_OBJC_LITERAL_CONVERSION = YES;
				CLANG_WARN_OBJC_ROOT_CLASS = YES_ERROR;
				CLANG_WARN_QUOTED_INCLUDE_IN_FRAMEWORK_HEADER = YES;
				CLANG_WARN_RANGE_LOOP_ANALYSIS = YES;
				CLANG_WARN_STRICT_PROTOTYPES = YES;
				CLANG_WARN_SUSPICIOUS_MOVE = YES;
				CLANG_WARN_UNGUARDED_AVAILABILITY = YES_AGGRESSIVE;
				CLANG_WARN_UNREACHABLE_CODE = YES;
				CLANG_WARN__DUPLICATE_METHOD_MATCH = YES;
				COPY_PHASE_STRIP = NO;
				DEBUG_INFORMATION_FORMAT = "dwarf-with-dsym";
				ENABLE_NS_ASSERTIONS = NO;
				ENABLE_STRICT_OBJC_MSGSEND = YES;
				GCC_C_LANGUAGE_STANDARD = gnu11;
				GCC_NO_COMMON_BLOCKS = YES;
				GCC_WARN_64_TO_32_BIT_CONVERSION = YES;
				GCC_WARN_ABOUT_RETURN_TYPE = YES_ERROR;
				GCC_WARN_UNDECLARED_SELECTOR = YES;
				GCC_WARN_UNINITIALIZED_AUTOS = YES_AGGRESSIVE;
				GCC_WARN_UNUSED_FUNCTION = YES;
				GCC_WARN_UNUSED_VARIABLE = YES;
				IPHONEOS_DEPLOYMENT_TARGET = 16.0;
				MTL_ENABLE_DEBUG_INFO = NO;
				MTL_FAST_MATH = YES;
				SDKROOT = iphoneos;
				SWIFT_COMPILATION_MODE = wholemodule;
				SWIFT_OPTIMIZATION_LEVEL = "-O";
				VALIDATE_PRODUCT = YES;
			};
			name = Release;
		};
		154E3AAA28DFF8E60060D72D /* Debug */ = {
			isa = XCBuildConfiguration;
			baseConfigurationReference = DEDF4480CA3E7D14F7383248 /* Pods-Parstagram.debug.xcconfig */;
			buildSettings = {
				ASSETCATALOG_COMPILER_APPICON_NAME = AppIcon;
				ASSETCATALOG_COMPILER_GLOBAL_ACCENT_COLOR_NAME = AccentColor;
				CODE_SIGN_STYLE = Automatic;
				CURRENT_PROJECT_VERSION = 1;
				DEVELOPMENT_TEAM = 4L652GL9MP;
				GENERATE_INFOPLIST_FILE = YES;
				INFOPLIST_FILE = Parstagram/Info.plist;
				INFOPLIST_KEY_UIApplicationSupportsIndirectInputEvents = YES;
				INFOPLIST_KEY_UILaunchStoryboardName = LaunchScreen;
				INFOPLIST_KEY_UIMainStoryboardFile = Main;
				INFOPLIST_KEY_UISupportedInterfaceOrientations_iPad = "UIInterfaceOrientationPortrait UIInterfaceOrientationPortraitUpsideDown UIInterfaceOrientationLandscapeLeft UIInterfaceOrientationLandscapeRight";
				INFOPLIST_KEY_UISupportedInterfaceOrientations_iPhone = "UIInterfaceOrientationPortrait UIInterfaceOrientationLandscapeLeft UIInterfaceOrientationLandscapeRight";
				LD_RUNPATH_SEARCH_PATHS = (
					"$(inherited)",
					"@executable_path/Frameworks",
				);
				MARKETING_VERSION = 1.0;
				PRODUCT_BUNDLE_IDENTIFIER = com.back4app.Parstagram;
				PRODUCT_NAME = "$(TARGET_NAME)";
				SWIFT_EMIT_LOC_STRINGS = YES;
				SWIFT_VERSION = 5.0;
				TARGETED_DEVICE_FAMILY = "1,2";
			};
			name = Debug;
		};
		154E3AAB28DFF8E60060D72D /* Release */ = {
			isa = XCBuildConfiguration;
			baseConfigurationReference = 0603BDD00B95894FE9525219 /* Pods-Parstagram.release.xcconfig */;
			buildSettings = {
				ASSETCATALOG_COMPILER_APPICON_NAME = AppIcon;
				ASSETCATALOG_COMPILER_GLOBAL_ACCENT_COLOR_NAME = AccentColor;
				CODE_SIGN_STYLE = Automatic;
				CURRENT_PROJECT_VERSION = 1;
				DEVELOPMENT_TEAM = 4L652GL9MP;
				GENERATE_INFOPLIST_FILE = YES;
				INFOPLIST_FILE = Parstagram/Info.plist;
				INFOPLIST_KEY_UIApplicationSupportsIndirectInputEvents = YES;
				INFOPLIST_KEY_UILaunchStoryboardName = LaunchScreen;
				INFOPLIST_KEY_UIMainStoryboardFile = Main;
				INFOPLIST_KEY_UISupportedInterfaceOrientations_iPad = "UIInterfaceOrientationPortrait UIInterfaceOrientationPortraitUpsideDown UIInterfaceOrientationLandscapeLeft UIInterfaceOrientationLandscapeRight";
				INFOPLIST_KEY_UISupportedInterfaceOrientations_iPhone = "UIInterfaceOrientationPortrait UIInterfaceOrientationLandscapeLeft UIInterfaceOrientationLandscapeRight";
				LD_RUNPATH_SEARCH_PATHS = (
					"$(inherited)",
					"@executable_path/Frameworks",
				);
				MARKETING_VERSION = 1.0;
				PRODUCT_BUNDLE_IDENTIFIER = com.back4app.Parstagram;
				PRODUCT_NAME = "$(TARGET_NAME)";
				SWIFT_EMIT_LOC_STRINGS = YES;
				SWIFT_VERSION = 5.0;
				TARGETED_DEVICE_FAMILY = "1,2";
			};
			name = Release;
		};
		154E3AAD28DFF8E60060D72D /* Debug */ = {
			isa = XCBuildConfiguration;
			baseConfigurationReference = 0DA317EEEC120B5930B3F25D /* Pods-ParstagramTests.debug.xcconfig */;
			buildSettings = {
				ALWAYS_EMBED_SWIFT_STANDARD_LIBRARIES = YES;
				BUNDLE_LOADER = "$(TEST_HOST)";
				CODE_SIGN_STYLE = Automatic;
				CURRENT_PROJECT_VERSION = 1;
				DEVELOPMENT_TEAM = 4L652GL9MP;
				GENERATE_INFOPLIST_FILE = YES;
				IPHONEOS_DEPLOYMENT_TARGET = 16.0;
				MARKETING_VERSION = 1.0;
				PRODUCT_BUNDLE_IDENTIFIER = com.back4app.ParstagramTests;
				PRODUCT_NAME = "$(TARGET_NAME)";
				SWIFT_EMIT_LOC_STRINGS = NO;
				SWIFT_VERSION = 5.0;
				TARGETED_DEVICE_FAMILY = "1,2";
				TEST_HOST = "$(BUILT_PRODUCTS_DIR)/Parstagram.app/$(BUNDLE_EXECUTABLE_FOLDER_PATH)/Parstagram";
			};
			name = Debug;
		};
		154E3AAE28DFF8E60060D72D /* Release */ = {
			isa = XCBuildConfiguration;
			baseConfigurationReference = B758BAE73B192F76AAA76DBB /* Pods-ParstagramTests.release.xcconfig */;
			buildSettings = {
				ALWAYS_EMBED_SWIFT_STANDARD_LIBRARIES = YES;
				BUNDLE_LOADER = "$(TEST_HOST)";
				CODE_SIGN_STYLE = Automatic;
				CURRENT_PROJECT_VERSION = 1;
				DEVELOPMENT_TEAM = 4L652GL9MP;
				GENERATE_INFOPLIST_FILE = YES;
				IPHONEOS_DEPLOYMENT_TARGET = 16.0;
				MARKETING_VERSION = 1.0;
				PRODUCT_BUNDLE_IDENTIFIER = com.back4app.ParstagramTests;
				PRODUCT_NAME = "$(TARGET_NAME)";
				SWIFT_EMIT_LOC_STRINGS = NO;
				SWIFT_VERSION = 5.0;
				TARGETED_DEVICE_FAMILY = "1,2";
				TEST_HOST = "$(BUILT_PRODUCTS_DIR)/Parstagram.app/$(BUNDLE_EXECUTABLE_FOLDER_PATH)/Parstagram";
			};
			name = Release;
		};
		154E3AB028DFF8E60060D72D /* Debug */ = {
			isa = XCBuildConfiguration;
			baseConfigurationReference = 2532628B27048D35F8BF60D6 /* Pods-Parstagram-ParstagramUITests.debug.xcconfig */;
			buildSettings = {
				ALWAYS_EMBED_SWIFT_STANDARD_LIBRARIES = YES;
				CODE_SIGN_STYLE = Automatic;
				CURRENT_PROJECT_VERSION = 1;
				DEVELOPMENT_TEAM = 4L652GL9MP;
				GENERATE_INFOPLIST_FILE = YES;
				MARKETING_VERSION = 1.0;
				PRODUCT_BUNDLE_IDENTIFIER = com.back4app.ParstagramUITests;
				PRODUCT_NAME = "$(TARGET_NAME)";
				SWIFT_EMIT_LOC_STRINGS = NO;
				SWIFT_VERSION = 5.0;
				TARGETED_DEVICE_FAMILY = "1,2";
				TEST_TARGET_NAME = Parstagram;
			};
			name = Debug;
		};
		154E3AB128DFF8E60060D72D /* Release */ = {
			isa = XCBuildConfiguration;
			baseConfigurationReference = 250EBD2CA8BB17A240F2AC83 /* Pods-Parstagram-ParstagramUITests.release.xcconfig */;
			buildSettings = {
				ALWAYS_EMBED_SWIFT_STANDARD_LIBRARIES = YES;
				CODE_SIGN_STYLE = Automatic;
				CURRENT_PROJECT_VERSION = 1;
				DEVELOPMENT_TEAM = 4L652GL9MP;
				GENERATE_INFOPLIST_FILE = YES;
				MARKETING_VERSION = 1.0;
				PRODUCT_BUNDLE_IDENTIFIER = com.back4app.ParstagramUITests;
				PRODUCT_NAME = "$(TARGET_NAME)";
				SWIFT_EMIT_LOC_STRINGS = NO;
				SWIFT_VERSION = 5.0;
				TARGETED_DEVICE_FAMILY = "1,2";
				TEST_TARGET_NAME = Parstagram;
			};
			name = Release;
		};
/* End XCBuildConfiguration section */

/* Begin XCConfigurationList section */
		154E3A7A28DFF8E50060D72D /* Build configuration list for PBXProject "Parstagram" */ = {
			isa = XCConfigurationList;
			buildConfigurations = (
				154E3AA728DFF8E60060D72D /* Debug */,
				154E3AA828DFF8E60060D72D /* Release */,
			);
			defaultConfigurationIsVisible = 0;
			defaultConfigurationName = Release;
		};
		154E3AA928DFF8E60060D72D /* Build configuration list for PBXNativeTarget "Parstagram" */ = {
			isa = XCConfigurationList;
			buildConfigurations = (
				154E3AAA28DFF8E60060D72D /* Debug */,
				154E3AAB28DFF8E60060D72D /* Release */,
			);
			defaultConfigurationIsVisible = 0;
			defaultConfigurationName = Release;
		};
		154E3AAC28DFF8E60060D72D /* Build configuration list for PBXNativeTarget "ParstagramTests" */ = {
			isa = XCConfigurationList;
			buildConfigurations = (
				154E3AAD28DFF8E60060D72D /* Debug */,
				154E3AAE28DFF8E60060D72D /* Release */,
			);
			defaultConfigurationIsVisible = 0;
			defaultConfigurationName = Release;
		};
		154E3AAF28DFF8E60060D72D /* Build configuration list for PBXNativeTarget "ParstagramUITests" */ = {
			isa = XCConfigurationList;
			buildConfigurations = (
				154E3AB028DFF8E60060D72D /* Debug */,
				154E3AB128DFF8E60060D72D /* Release */,
			);
			defaultConfigurationIsVisible = 0;
			defaultConfigurationName = Release;
		};
/* End XCConfigurationList section */
	};
	rootObject = 154E3A7728DFF8E50060D72D /* Project object */;
}
